{
  "name": "@tomassotech/simpleondemandcache",
  "version": "1.0.5",
  "lockfileVersion": 2,
  "requires": true,
  "packages": {
    "": {
      "name": "@tomassotech/simpleondemandcache",
      "version": "1.0.5",
      "license": "MIT",
      "dependencies": {
        "@tomassotech/simplekeyvaluestore": "^1.0.0"
      }
    },
    "node_modules/@tomassotech/simplekeyvaluestore": {
      "version": "1.0.4",
      "resolved": "https://registry.npmjs.org/@tomassotech/simplekeyvaluestore/-/simplekeyvaluestore-1.0.4.tgz",
      "integrity": "sha512-aSW8AFapDD7+miqFfX8vsoIad5A3yirdT30GVE4gPAldvHMHzQzexvlOjlJTmOLRrK5G7F6CrXPwE3SUv74PIw=="
    }
  },
  "dependencies": {
    "@tomassotech/simplekeyvaluestore": {
      "version": "1.0.4",
      "resolved": "https://registry.npmjs.org/@tomassotech/simplekeyvaluestore/-/simplekeyvaluestore-1.0.4.tgz",
      "integrity": "sha512-aSW8AFapDD7+miqFfX8vsoIad5A3yirdT30GVE4gPAldvHMHzQzexvlOjlJTmOLRrK5G7F6CrXPwE3SUv74PIw=="
    }
  }
}
