{
  "name": "@tomassotech/simpleondemandcache",
  "version": "1.0.3",
  "lockfileVersion": 2,
  "requires": true,
  "packages": {
    "": {
      "name": "@tomassotech/simpleondemandcache",
      "version": "1.0.3",
      "license": "MIT",
      "dependencies": {
        "@tomassotech/simplekeyvaluestore": "^1.0.0"
      }
    },
    "node_modules/@tomassotech/simplekeyvaluestore": {
      "version": "1.0.3",
      "resolved": "https://registry.npmjs.org/@tomassotech/simplekeyvaluestore/-/simplekeyvaluestore-1.0.3.tgz",
      "integrity": "sha512-yeDbPu9iYM0sATBFLNJE0DOJzy/N3litKF8B282pXusVIrvZOyy8etN7KN0UM6CwEpewvDRzEu1woHMraD0l4A=="
    }
  },
  "dependencies": {
    "@tomassotech/simplekeyvaluestore": {
      "version": "1.0.3",
      "resolved": "https://registry.npmjs.org/@tomassotech/simplekeyvaluestore/-/simplekeyvaluestore-1.0.3.tgz",
      "integrity": "sha512-yeDbPu9iYM0sATBFLNJE0DOJzy/N3litKF8B282pXusVIrvZOyy8etN7KN0UM6CwEpewvDRzEu1woHMraD0l4A=="
    }
  }
}
