{
  "name": "@tomassotech/simpleondemandcache",
  "version": "1.0.3",
  "lockfileVersion": 2,
  "requires": true,
  "packages": {
    "": {
      "name": "@tomassotech/simpleondemandcache",
      "version": "1.0.3",
      "license": "MIT",
      "dependencies": {
        "@tomassotech/simplekeyvaluestore": "^1.0.0"
      }
    },
    "node_modules/@tomassotech/simplekeyvaluestore": {
      "version": "1.0.1",
      "resolved": "https://registry.npmjs.org/@tomassotech/simplekeyvaluestore/-/simplekeyvaluestore-1.0.1.tgz",
      "integrity": "sha512-N8WgV/l4Pk1GL6wSanvOQhu56teGQW7PfDBcH5soboqAQZ0BvVrLtJUOwxsp0xjPE8PhHVPpaPCgHBYYluYLNA=="
    }
  },
  "dependencies": {
    "@tomassotech/simplekeyvaluestore": {
      "version": "1.0.1",
      "resolved": "https://registry.npmjs.org/@tomassotech/simplekeyvaluestore/-/simplekeyvaluestore-1.0.1.tgz",
      "integrity": "sha512-N8WgV/l4Pk1GL6wSanvOQhu56teGQW7PfDBcH5soboqAQZ0BvVrLtJUOwxsp0xjPE8PhHVPpaPCgHBYYluYLNA=="
    }
  }
}
